{
  "name": "startggoomba",
  "version": "1.0.0",
  "lockfileVersion": 3,
  "requires": true,
  "packages": {
    "": {
      "name": "startggoomba",
      "version": "1.0.0",
      "license": "ISC",
      "dependencies": {
        "@twilcynder/arguments-parser": "<=2.0.0",
        "startgg-helper-node": "^2.4.0",
        "timezone": "^1.0.23"
      }
    },
    "node_modules/@graphql-typed-document-node/core": {
      "version": "3.2.0",
      "resolved": "https://registry.npmjs.org/@graphql-typed-document-node/core/-/core-3.2.0.tgz",
      "integrity": "sha512-mB9oAsNCm9aM3/SOv4YtBMqZbYj10R7dkq8byBqxGY/ncFwhf2oQzMV+LCRlWoDSEBJ3COiR1yeDvMtsoOsuFQ==",
      "license": "MIT",
      "peerDependencies": {
        "graphql": "^0.8.0 || ^0.9.0 || ^0.10.0 || ^0.11.0 || ^0.12.0 || ^0.13.0 || ^14.0.0 || ^15.0.0 || ^16.0.0 || ^17.0.0"
      }
    },
    "node_modules/@twilcynder/arguments-parser": {
      "version": "1.18.0",
      "resolved": "https://registry.npmjs.org/@twilcynder/arguments-parser/-/arguments-parser-1.18.0.tgz",
      "integrity": "sha512-STNyK5WVTirQ+j6SOSBZR72aHiIoMmKK533rp/KNTzW+Fl6paTsG1Wxj/tshZsKpqUFKi4g82ZmN8SdL+4IPdA==",
      "license": "ISC"
    },
    "node_modules/graphql": {
      "version": "16.12.0",
      "resolved": "https://registry.npmjs.org/graphql/-/graphql-16.12.0.tgz",
      "integrity": "sha512-DKKrynuQRne0PNpEbzuEdHlYOMksHSUI8Zc9Unei5gTsMNA2/vMpoMz/yKba50pejK56qj98qM0SjYxAKi13gQ==",
      "license": "MIT",
      "peer": true,
      "engines": {
        "node": "^12.22.0 || ^14.16.0 || ^16.0.0 || >=17.0.0"
      }
    },
    "node_modules/graphql-request": {
      "version": "7.4.0",
      "resolved": "https://registry.npmjs.org/graphql-request/-/graphql-request-7.4.0.tgz",
      "integrity": "sha512-xfr+zFb/QYbs4l4ty0dltqiXIp07U6sl+tOKAb0t50/EnQek6CVVBLjETXi+FghElytvgaAWtIOt3EV7zLzIAQ==",
      "license": "MIT",
      "dependencies": {
        "@graphql-typed-document-node/core": "^3.2.0"
      },
      "peerDependencies": {
        "graphql": "14 - 16"
      }
    },
    "node_modules/startgg-helper": {
      "version": "2.4.0",
      "resolved": "https://registry.npmjs.org/startgg-helper/-/startgg-helper-2.4.0.tgz",
      "integrity": "sha512-B7bRSUgTNFOR60BSejZv7tqMqWL4CBYuYN5nIGKWb3PafEkNUaNI6dvSUAEU16+l33kwETnJS4ry98SR6gpWtQ==",
      "license": "ISC"
    },
    "node_modules/startgg-helper-node": {
      "version": "2.4.0",
      "resolved": "https://registry.npmjs.org/startgg-helper-node/-/startgg-helper-node-2.4.0.tgz",
      "integrity": "sha512-qLUOGlDtDK+1KD0nBbrWJ28ohb2f/Hu21AzBahVaMftTC6rt1U3zIIvee/Ry9VQd1rh5TSyaDupvARgzqqpquQ==",
      "license": "ISC",
      "dependencies": {
        "graphql-request": "^7.1.2",
        "startgg-helper": "^2.4.0"
      }
    },
    "node_modules/timezone": {
      "version": "1.0.23",
      "resolved": "https://registry.npmjs.org/timezone/-/timezone-1.0.23.tgz",
      "integrity": "sha512-yhQgk6qmSLB+TF8HGmApZAVI5bfzR1CoKUGr+WMZWmx75ED1uDewAZA8QMGCQ70TEv4GmM8pDB9jrHuxdaQ1PA==",
      "license": "MIT"
    }
  }
}
